
Microsoft Visual Studio Solution File, Format Version 12.00
# Visual Studio 15
VisualStudioVersion = 15.0.27428.2037
MinimumVisualStudioVersion = 10.0.40219.1
Project("{2150E333-8FDC-42A3-9474-1A3956D46DE8}") = "001. Gün", "001. Gün", "{4CFFD972-1740-433C-A084-5E93CC43C55A}"
EndProject
Project("{FAE04EC0-301F-11D3-BF4B-00C04F79EFBC}") = "Degiskenler", "Degiskenler\Degiskenler.csproj", "{4D1A72E6-D9A1-4030-98F4-59F339F72AFE}"
EndProject
Project("{FAE04EC0-301F-11D3-BF4B-00C04F79EFBC}") = "KararYapilariVeDonguler", "KararYapilariVeDonguler\KararYapilariVeDonguler.csproj", "{0E0A80C3-55F7-4DF3-AFE0-5EAAC5ED728C}"
EndProject
Project("{FAE04EC0-301F-11D3-BF4B-00C04F79EFBC}") = "Odev001Cozum", "ConsoleApp1\Odev001Cozum.csproj", "{3E90D263-2CA4-4799-8554-02915FF186AB}"
EndProject
Project("{2150E333-8FDC-42A3-9474-1A3956D46DE8}") = "002. Gün", "002. Gün", "{99B0524E-4A3A-44D8-98C7-1094D50D4C0F}"
EndProject
Project("{FAE04EC0-301F-11D3-BF4B-00C04F79EFBC}") = "InputIslemleri", "InputIslemleri\InputIslemleri.csproj", "{417171A0-1F4C-491D-9E25-492E5B60DDBB}"
EndProject
Project("{FAE04EC0-301F-11D3-BF4B-00C04F79EFBC}") = "Ornekler", "Ornekler\Ornekler.csproj", "{83D82111-05CB-4211-BD22-FA2CAB0118E0}"
EndProject
Project("{FAE04EC0-301F-11D3-BF4B-00C04F79EFBC}") = "RandomNesnesi", "ConsoleApp2\RandomNesnesi.csproj", "{BB0ACF5A-B58F-4812-9B69-575C1A89CDDB}"
EndProject
Project("{2150E333-8FDC-42A3-9474-1A3956D46DE8}") = "003. Gün", "003. Gün", "{593C1607-307E-4E0C-B496-4B8422921137}"
EndProject
Project("{FAE04EC0-301F-11D3-BF4B-00C04F79EFBC}") = "ZarOyunu", "ZarOyunu\ZarOyunu.csproj", "{291A6A5E-E847-4944-9ED1-00F26E5D7385}"
EndProject
Project("{FAE04EC0-301F-11D3-BF4B-00C04F79EFBC}") = "SayiTahminOyunu", "SayiTahminOyunu\SayiTahminOyunu.csproj", "{69D784B0-0B33-4EC6-9530-36C8D7AC2652}"
EndProject
Project("{FAE04EC0-301F-11D3-BF4B-00C04F79EFBC}") = "Diziler", "Diziler\Diziler.csproj", "{7C1F657A-E7CE-4917-9FBF-3D256C948200}"
EndProject
Project("{FAE04EC0-301F-11D3-BF4B-00C04F79EFBC}") = "AdamAsmaca", "AdamAsmaca\AdamAsmaca.csproj", "{101F19BC-FD24-4EE3-9FF4-278310B17058}"
EndProject
Project("{FAE04EC0-301F-11D3-BF4B-00C04F79EFBC}") = "Methodlar", "Methodlar\Methodlar.csproj", "{AE76A287-A095-448D-848A-D82C00F19B5E}"
EndProject
Project("{FAE04EC0-301F-11D3-BF4B-00C04F79EFBC}") = "Methodlar2", "Methodlar2\Methodlar2.csproj", "{60ED107A-8987-4033-999C-2991BC0DC677}"
EndProject
Project("{FAE04EC0-301F-11D3-BF4B-00C04F79EFBC}") = "AdamAsmacaCozum", "AdamAsmacaCozum\AdamAsmacaCozum.csproj", "{0D04EFBB-E261-4504-88C9-36A29B737C61}"
EndProject
Project("{2150E333-8FDC-42A3-9474-1A3956D46DE8}") = "004. Gün", "004. Gün", "{C552975E-9CC9-4FA5-B618-F0918A974B0F}"
EndProject
Project("{FAE04EC0-301F-11D3-BF4B-00C04F79EFBC}") = "RefOut", "RefOut\RefOut.csproj", "{77330F44-5FC1-462B-8ECF-FC3F73D299F4}"
EndProject
Project("{FAE04EC0-301F-11D3-BF4B-00C04F79EFBC}") = "OopPart1", "OopPart1\OopPart1.csproj", "{E14D45C5-F666-41B8-90F1-E37FC74DA7CB}"
EndProject
Project("{FAE04EC0-301F-11D3-BF4B-00C04F79EFBC}") = "FormGiris", "FormGiris\FormGiris.csproj", "{D1A73AB6-2422-45E2-AFAA-28ED25D541B7}"
EndProject
Project("{2150E333-8FDC-42A3-9474-1A3956D46DE8}") = "005. Gün", "005. Gün", "{164EB921-1B57-44D4-930B-F3E37A3D826C}"
EndProject
Project("{FAE04EC0-301F-11D3-BF4B-00C04F79EFBC}") = "KisiEnvanteri", "KisiEnvanteri\KisiEnvanteri.csproj", "{5CD9210E-C9D9-4529-BA7A-F90C6B61F1BD}"
EndProject
Project("{2150E333-8FDC-42A3-9474-1A3956D46DE8}") = "006. Gün", "006. Gün", "{54955CE5-1625-412D-9E94-19CB11C826F9}"
EndProject
Project("{FAE04EC0-301F-11D3-BF4B-00C04F79EFBC}") = "KronometreCozum", "KronometreCozum\KronometreCozum.csproj", "{84143972-DCCF-46B1-BEB5-E5342D873246}"
EndProject
Project("{FAE04EC0-301F-11D3-BF4B-00C04F79EFBC}") = "Kalitim", "Kalıtım\Kalitim.csproj", "{BB631333-81F8-4A37-B70F-704659186D6F}"
EndProject
Project("{2150E333-8FDC-42A3-9474-1A3956D46DE8}") = "007. Gün", "007. Gün", "{9DF91459-0FB5-4DD1-9446-9AE09EAF676E}"
EndProject
Project("{2150E333-8FDC-42A3-9474-1A3956D46DE8}") = "Overriding", "Overriding", "{20C79013-58F1-4D05-B3CE-9AC0F88C64B4}"
EndProject
Project("{FAE04EC0-301F-11D3-BF4B-00C04F79EFBC}") = "Geometri.Lib", "Geometri.Lib\Geometri.Lib.csproj", "{FB34443C-C2DE-4CA0-BE75-B1F067A16FE4}"
EndProject
Project("{FAE04EC0-301F-11D3-BF4B-00C04F79EFBC}") = "Geometri.App", "Geometri.App\Geometri.App.csproj", "{9ED8AB9B-3D2D-4D6D-8E80-E6DD770F459D}"
EndProject
Project("{2150E333-8FDC-42A3-9474-1A3956D46DE8}") = "Soyutlastirma", "Soyutlastirma", "{AA914885-2589-45D2-8A1B-38DFD64EA222}"
EndProject
Project("{FAE04EC0-301F-11D3-BF4B-00C04F79EFBC}") = "Soyut.App", "Soyut.App\Soyut.App.csproj", "{33C1CEAD-8E9E-4CC8-A5EA-543DD5EC8B00}"
EndProject
Project("{FAE04EC0-301F-11D3-BF4B-00C04F79EFBC}") = "Soyut.Lib", "Soyut.Lib\Soyut.Lib.csproj", "{73EB8EB7-5AB5-4FE7-8FD4-1CC9B8B28301}"
EndProject
Project("{FAE04EC0-301F-11D3-BF4B-00C04F79EFBC}") = "InterfaceOrnek", "InterfaceOrnek\InterfaceOrnek.csproj", "{4FD16C4A-9A03-4BC3-A1DB-3B82BBFD035A}"
EndProject
Project("{2150E333-8FDC-42A3-9474-1A3956D46DE8}") = "008. Gün", "008. Gün", "{2E837BB9-CD7A-4769-B352-1CE5D1082836}"
EndProject
Project("{2150E333-8FDC-42A3-9474-1A3956D46DE8}") = "Interface Segregation", "Interface Segregation", "{1511AC20-2F52-4C71-9597-CDBEEC60F356}"
EndProject
Project("{FAE04EC0-301F-11D3-BF4B-00C04F79EFBC}") = "Cs.Lib", "Cs.Lib\Cs.Lib.csproj", "{2F02EFF4-2560-4FB5-B44A-B88EF1549C48}"
EndProject
Project("{FAE04EC0-301F-11D3-BF4B-00C04F79EFBC}") = "Cs.App", "Cs.App\Cs.App.csproj", "{A3465676-71C6-4F8D-B06A-E35A9B81E0BF}"
EndProject
Project("{2150E333-8FDC-42A3-9474-1A3956D46DE8}") = "Operator Overloading", "Operator Overloading", "{761EFFDE-3B8C-4810-88F3-9DA79315BDF0}"
EndProject
Project("{FAE04EC0-301F-11D3-BF4B-00C04F79EFBC}") = "OperatorOverloading", "OperatorOverloading\OperatorOverloading.csproj", "{F0FE8A0C-558B-419E-AF30-4DB8E0F34A39}"
EndProject
Project("{2150E333-8FDC-42A3-9474-1A3956D46DE8}") = "009. Gün", "009. Gün", "{E947C744-80AA-4BE4-BEB0-7CDC3EE535F9}"
EndProject
Project("{FAE04EC0-301F-11D3-BF4B-00C04F79EFBC}") = "KisiselKontroller", "KisiselKontroller\KisiselKontroller.csproj", "{9480DCF1-A02D-4A9D-BDED-78E3BCA4BF4C}"
EndProject
Project("{FAE04EC0-301F-11D3-BF4B-00C04F79EFBC}") = "BinarySerialization", "BinarySerialization\BinarySerialization.csproj", "{9F9DA2B2-A43D-4ED5-BE08-5796F274B90C}"
EndProject
Project("{2150E333-8FDC-42A3-9474-1A3956D46DE8}") = "010. Gün", "010. Gün", "{0E1885D1-F33F-46DB-A30D-86B557DF0B6D}"
EndProject
Project("{FAE04EC0-301F-11D3-BF4B-00C04F79EFBC}") = "KisiEnvanteriV2", "KisiEnvanteriV2\KisiEnvanteriV2.csproj", "{E7B2CDBB-B458-4627-8624-22997EB99A81}"
EndProject
Project("{FAE04EC0-301F-11D3-BF4B-00C04F79EFBC}") = "UcaksavarOyunu", "UcaksavarOyunu\UcaksavarOyunu.csproj", "{100AD878-CBE6-4156-A6F7-A47814D0DD80}"
EndProject
Project("{2150E333-8FDC-42A3-9474-1A3956D46DE8}") = "011. Gün", "011. Gün", "{2DA4BE8E-F36D-417A-AE5D-AF6304F9A8FD}"
EndProject
Project("{FAE04EC0-301F-11D3-BF4B-00C04F79EFBC}") = "XmlJsonServislerineBaglanma", "XmlJsonServislerineBaglanma\XmlJsonServislerineBaglanma.csproj", "{019E2AEE-6631-4F4D-9ABF-78B76634D001}"
EndProject
Project("{2150E333-8FDC-42A3-9474-1A3956D46DE8}") = "012. Gün", "012. Gün", "{4FEBF0FF-1DDE-458C-BDDE-F5B5D8C084E8}"
EndProject
Project("{FAE04EC0-301F-11D3-BF4B-00C04F79EFBC}") = "GitHubIlkProje", "GitHubIlkProje\GitHubIlkProje.csproj", "{B6E1BE3E-586E-4A64-A84F-D62AD3084577}"
EndProject
Project("{FAE04EC0-301F-11D3-BF4B-00C04F79EFBC}") = "CRMEkranlarYonetimi", "CRMEkranlarYonetimi\CRMEkranlarYonetimi.csproj", "{F78C9942-DE88-4112-9AB3-F4BDE76672F1}"
EndProject
Project("{2150E333-8FDC-42A3-9474-1A3956D46DE8}") = "020. Gün", "020. Gün", "{DE9FED69-0B77-4707-BEBD-94DA3E46FA96}"
EndProject
Project("{FAE04EC0-301F-11D3-BF4B-00C04F79EFBC}") = "wf-AdoNet", "wf-AdoNet\wf-AdoNet.csproj", "{307BB4DD-40A0-46AD-BDF8-ABCCCA17BD67}"
EndProject
Global
	GlobalSection(SolutionConfigurationPlatforms) = preSolution
		Debug|Any CPU = Debug|Any CPU
		Release|Any CPU = Release|Any CPU
	EndGlobalSection
	GlobalSection(ProjectConfigurationPlatforms) = postSolution
		{4D1A72E6-D9A1-4030-98F4-59F339F72AFE}.Debug|Any CPU.ActiveCfg = Debug|Any CPU
		{4D1A72E6-D9A1-4030-98F4-59F339F72AFE}.Debug|Any CPU.Build.0 = Debug|Any CPU
		{4D1A72E6-D9A1-4030-98F4-59F339F72AFE}.Release|Any CPU.ActiveCfg = Release|Any CPU
		{4D1A72E6-D9A1-4030-98F4-59F339F72AFE}.Release|Any CPU.Build.0 = Release|Any CPU
		{0E0A80C3-55F7-4DF3-AFE0-5EAAC5ED728C}.Debug|Any CPU.ActiveCfg = Debug|Any CPU
		{0E0A80C3-55F7-4DF3-AFE0-5EAAC5ED728C}.Debug|Any CPU.Build.0 = Debug|Any CPU
		{0E0A80C3-55F7-4DF3-AFE0-5EAAC5ED728C}.Release|Any CPU.ActiveCfg = Release|Any CPU
		{0E0A80C3-55F7-4DF3-AFE0-5EAAC5ED728C}.Release|Any CPU.Build.0 = Release|Any CPU
		{3E90D263-2CA4-4799-8554-02915FF186AB}.Debug|Any CPU.ActiveCfg = Debug|Any CPU
		{3E90D263-2CA4-4799-8554-02915FF186AB}.Debug|Any CPU.Build.0 = Debug|Any CPU
		{3E90D263-2CA4-4799-8554-02915FF186AB}.Release|Any CPU.ActiveCfg = Release|Any CPU
		{3E90D263-2CA4-4799-8554-02915FF186AB}.Release|Any CPU.Build.0 = Release|Any CPU
		{417171A0-1F4C-491D-9E25-492E5B60DDBB}.Debug|Any CPU.ActiveCfg = Debug|Any CPU
		{417171A0-1F4C-491D-9E25-492E5B60DDBB}.Debug|Any CPU.Build.0 = Debug|Any CPU
		{417171A0-1F4C-491D-9E25-492E5B60DDBB}.Release|Any CPU.ActiveCfg = Release|Any CPU
		{417171A0-1F4C-491D-9E25-492E5B60DDBB}.Release|Any CPU.Build.0 = Release|Any CPU
		{83D82111-05CB-4211-BD22-FA2CAB0118E0}.Debug|Any CPU.ActiveCfg = Debug|Any CPU
		{83D82111-05CB-4211-BD22-FA2CAB0118E0}.Debug|Any CPU.Build.0 = Debug|Any CPU
		{83D82111-05CB-4211-BD22-FA2CAB0118E0}.Release|Any CPU.ActiveCfg = Release|Any CPU
		{83D82111-05CB-4211-BD22-FA2CAB0118E0}.Release|Any CPU.Build.0 = Release|Any CPU
		{BB0ACF5A-B58F-4812-9B69-575C1A89CDDB}.Debug|Any CPU.ActiveCfg = Debug|Any CPU
		{BB0ACF5A-B58F-4812-9B69-575C1A89CDDB}.Debug|Any CPU.Build.0 = Debug|Any CPU
		{BB0ACF5A-B58F-4812-9B69-575C1A89CDDB}.Release|Any CPU.ActiveCfg = Release|Any CPU
		{BB0ACF5A-B58F-4812-9B69-575C1A89CDDB}.Release|Any CPU.Build.0 = Release|Any CPU
		{291A6A5E-E847-4944-9ED1-00F26E5D7385}.Debug|Any CPU.ActiveCfg = Debug|Any CPU
		{291A6A5E-E847-4944-9ED1-00F26E5D7385}.Debug|Any CPU.Build.0 = Debug|Any CPU
		{291A6A5E-E847-4944-9ED1-00F26E5D7385}.Release|Any CPU.ActiveCfg = Release|Any CPU
		{291A6A5E-E847-4944-9ED1-00F26E5D7385}.Release|Any CPU.Build.0 = Release|Any CPU
		{69D784B0-0B33-4EC6-9530-36C8D7AC2652}.Debug|Any CPU.ActiveCfg = Debug|Any CPU
		{69D784B0-0B33-4EC6-9530-36C8D7AC2652}.Debug|Any CPU.Build.0 = Debug|Any CPU
		{69D784B0-0B33-4EC6-9530-36C8D7AC2652}.Release|Any CPU.ActiveCfg = Release|Any CPU
		{69D784B0-0B33-4EC6-9530-36C8D7AC2652}.Release|Any CPU.Build.0 = Release|Any CPU
		{7C1F657A-E7CE-4917-9FBF-3D256C948200}.Debug|Any CPU.ActiveCfg = Debug|Any CPU
		{7C1F657A-E7CE-4917-9FBF-3D256C948200}.Debug|Any CPU.Build.0 = Debug|Any CPU
		{7C1F657A-E7CE-4917-9FBF-3D256C948200}.Release|Any CPU.ActiveCfg = Release|Any CPU
		{7C1F657A-E7CE-4917-9FBF-3D256C948200}.Release|Any CPU.Build.0 = Release|Any CPU
		{101F19BC-FD24-4EE3-9FF4-278310B17058}.Debug|Any CPU.ActiveCfg = Debug|Any CPU
		{101F19BC-FD24-4EE3-9FF4-278310B17058}.Debug|Any CPU.Build.0 = Debug|Any CPU
		{101F19BC-FD24-4EE3-9FF4-278310B17058}.Release|Any CPU.ActiveCfg = Release|Any CPU
		{101F19BC-FD24-4EE3-9FF4-278310B17058}.Release|Any CPU.Build.0 = Release|Any CPU
		{AE76A287-A095-448D-848A-D82C00F19B5E}.Debug|Any CPU.ActiveCfg = Debug|Any CPU
		{AE76A287-A095-448D-848A-D82C00F19B5E}.Debug|Any CPU.Build.0 = Debug|Any CPU
		{AE76A287-A095-448D-848A-D82C00F19B5E}.Release|Any CPU.ActiveCfg = Release|Any CPU
		{AE76A287-A095-448D-848A-D82C00F19B5E}.Release|Any CPU.Build.0 = Release|Any CPU
		{60ED107A-8987-4033-999C-2991BC0DC677}.Debug|Any CPU.ActiveCfg = Debug|Any CPU
		{60ED107A-8987-4033-999C-2991BC0DC677}.Debug|Any CPU.Build.0 = Debug|Any CPU
		{60ED107A-8987-4033-999C-2991BC0DC677}.Release|Any CPU.ActiveCfg = Release|Any CPU
		{60ED107A-8987-4033-999C-2991BC0DC677}.Release|Any CPU.Build.0 = Release|Any CPU
		{0D04EFBB-E261-4504-88C9-36A29B737C61}.Debug|Any CPU.ActiveCfg = Debug|Any CPU
		{0D04EFBB-E261-4504-88C9-36A29B737C61}.Debug|Any CPU.Build.0 = Debug|Any CPU
		{0D04EFBB-E261-4504-88C9-36A29B737C61}.Release|Any CPU.ActiveCfg = Release|Any CPU
		{0D04EFBB-E261-4504-88C9-36A29B737C61}.Release|Any CPU.Build.0 = Release|Any CPU
		{77330F44-5FC1-462B-8ECF-FC3F73D299F4}.Debug|Any CPU.ActiveCfg = Debug|Any CPU
		{77330F44-5FC1-462B-8ECF-FC3F73D299F4}.Debug|Any CPU.Build.0 = Debug|Any CPU
		{77330F44-5FC1-462B-8ECF-FC3F73D299F4}.Release|Any CPU.ActiveCfg = Release|Any CPU
		{77330F44-5FC1-462B-8ECF-FC3F73D299F4}.Release|Any CPU.Build.0 = Release|Any CPU
		{E14D45C5-F666-41B8-90F1-E37FC74DA7CB}.Debug|Any CPU.ActiveCfg = Debug|Any CPU
		{E14D45C5-F666-41B8-90F1-E37FC74DA7CB}.Debug|Any CPU.Build.0 = Debug|Any CPU
		{E14D45C5-F666-41B8-90F1-E37FC74DA7CB}.Release|Any CPU.ActiveCfg = Release|Any CPU
		{E14D45C5-F666-41B8-90F1-E37FC74DA7CB}.Release|Any CPU.Build.0 = Release|Any CPU
		{D1A73AB6-2422-45E2-AFAA-28ED25D541B7}.Debug|Any CPU.ActiveCfg = Debug|Any CPU
		{D1A73AB6-2422-45E2-AFAA-28ED25D541B7}.Debug|Any CPU.Build.0 = Debug|Any CPU
		{D1A73AB6-2422-45E2-AFAA-28ED25D541B7}.Release|Any CPU.ActiveCfg = Release|Any CPU
		{D1A73AB6-2422-45E2-AFAA-28ED25D541B7}.Release|Any CPU.Build.0 = Release|Any CPU
		{5CD9210E-C9D9-4529-BA7A-F90C6B61F1BD}.Debug|Any CPU.ActiveCfg = Debug|Any CPU
		{5CD9210E-C9D9-4529-BA7A-F90C6B61F1BD}.Debug|Any CPU.Build.0 = Debug|Any CPU
		{5CD9210E-C9D9-4529-BA7A-F90C6B61F1BD}.Release|Any CPU.ActiveCfg = Release|Any CPU
		{5CD9210E-C9D9-4529-BA7A-F90C6B61F1BD}.Release|Any CPU.Build.0 = Release|Any CPU
		{84143972-DCCF-46B1-BEB5-E5342D873246}.Debug|Any CPU.ActiveCfg = Debug|Any CPU
		{84143972-DCCF-46B1-BEB5-E5342D873246}.Debug|Any CPU.Build.0 = Debug|Any CPU
		{84143972-DCCF-46B1-BEB5-E5342D873246}.Release|Any CPU.ActiveCfg = Release|Any CPU
		{84143972-DCCF-46B1-BEB5-E5342D873246}.Release|Any CPU.Build.0 = Release|Any CPU
		{BB631333-81F8-4A37-B70F-704659186D6F}.Debug|Any CPU.ActiveCfg = Debug|Any CPU
		{BB631333-81F8-4A37-B70F-704659186D6F}.Debug|Any CPU.Build.0 = Debug|Any CPU
		{BB631333-81F8-4A37-B70F-704659186D6F}.Release|Any CPU.ActiveCfg = Release|Any CPU
		{BB631333-81F8-4A37-B70F-704659186D6F}.Release|Any CPU.Build.0 = Release|Any CPU
		{FB34443C-C2DE-4CA0-BE75-B1F067A16FE4}.Debug|Any CPU.ActiveCfg = Debug|Any CPU
		{FB34443C-C2DE-4CA0-BE75-B1F067A16FE4}.Debug|Any CPU.Build.0 = Debug|Any CPU
		{FB34443C-C2DE-4CA0-BE75-B1F067A16FE4}.Release|Any CPU.ActiveCfg = Release|Any CPU
		{FB34443C-C2DE-4CA0-BE75-B1F067A16FE4}.Release|Any CPU.Build.0 = Release|Any CPU
		{9ED8AB9B-3D2D-4D6D-8E80-E6DD770F459D}.Debug|Any CPU.ActiveCfg = Debug|Any CPU
		{9ED8AB9B-3D2D-4D6D-8E80-E6DD770F459D}.Debug|Any CPU.Build.0 = Debug|Any CPU
		{9ED8AB9B-3D2D-4D6D-8E80-E6DD770F459D}.Release|Any CPU.ActiveCfg = Release|Any CPU
		{9ED8AB9B-3D2D-4D6D-8E80-E6DD770F459D}.Release|Any CPU.Build.0 = Release|Any CPU
		{33C1CEAD-8E9E-4CC8-A5EA-543DD5EC8B00}.Debug|Any CPU.ActiveCfg = Debug|Any CPU
		{33C1CEAD-8E9E-4CC8-A5EA-543DD5EC8B00}.Debug|Any CPU.Build.0 = Debug|Any CPU
		{33C1CEAD-8E9E-4CC8-A5EA-543DD5EC8B00}.Release|Any CPU.ActiveCfg = Release|Any CPU
		{33C1CEAD-8E9E-4CC8-A5EA-543DD5EC8B00}.Release|Any CPU.Build.0 = Release|Any CPU
		{73EB8EB7-5AB5-4FE7-8FD4-1CC9B8B28301}.Debug|Any CPU.ActiveCfg = Debug|Any CPU
		{73EB8EB7-5AB5-4FE7-8FD4-1CC9B8B28301}.Debug|Any CPU.Build.0 = Debug|Any CPU
		{73EB8EB7-5AB5-4FE7-8FD4-1CC9B8B28301}.Release|Any CPU.ActiveCfg = Release|Any CPU
		{73EB8EB7-5AB5-4FE7-8FD4-1CC9B8B28301}.Release|Any CPU.Build.0 = Release|Any CPU
		{4FD16C4A-9A03-4BC3-A1DB-3B82BBFD035A}.Debug|Any CPU.ActiveCfg = Debug|Any CPU
		{4FD16C4A-9A03-4BC3-A1DB-3B82BBFD035A}.Debug|Any CPU.Build.0 = Debug|Any CPU
		{4FD16C4A-9A03-4BC3-A1DB-3B82BBFD035A}.Release|Any CPU.ActiveCfg = Release|Any CPU
		{4FD16C4A-9A03-4BC3-A1DB-3B82BBFD035A}.Release|Any CPU.Build.0 = Release|Any CPU
		{2F02EFF4-2560-4FB5-B44A-B88EF1549C48}.Debug|Any CPU.ActiveCfg = Debug|Any CPU
		{2F02EFF4-2560-4FB5-B44A-B88EF1549C48}.Debug|Any CPU.Build.0 = Debug|Any CPU
		{2F02EFF4-2560-4FB5-B44A-B88EF1549C48}.Release|Any CPU.ActiveCfg = Release|Any CPU
		{2F02EFF4-2560-4FB5-B44A-B88EF1549C48}.Release|Any CPU.Build.0 = Release|Any CPU
		{A3465676-71C6-4F8D-B06A-E35A9B81E0BF}.Debug|Any CPU.ActiveCfg = Debug|Any CPU
		{A3465676-71C6-4F8D-B06A-E35A9B81E0BF}.Debug|Any CPU.Build.0 = Debug|Any CPU
		{A3465676-71C6-4F8D-B06A-E35A9B81E0BF}.Release|Any CPU.ActiveCfg = Release|Any CPU
		{A3465676-71C6-4F8D-B06A-E35A9B81E0BF}.Release|Any CPU.Build.0 = Release|Any CPU
		{F0FE8A0C-558B-419E-AF30-4DB8E0F34A39}.Debug|Any CPU.ActiveCfg = Debug|Any CPU
		{F0FE8A0C-558B-419E-AF30-4DB8E0F34A39}.Debug|Any CPU.Build.0 = Debug|Any CPU
		{F0FE8A0C-558B-419E-AF30-4DB8E0F34A39}.Release|Any CPU.ActiveCfg = Release|Any CPU
		{F0FE8A0C-558B-419E-AF30-4DB8E0F34A39}.Release|Any CPU.Build.0 = Release|Any CPU
		{9480DCF1-A02D-4A9D-BDED-78E3BCA4BF4C}.Debug|Any CPU.ActiveCfg = Debug|Any CPU
		{9480DCF1-A02D-4A9D-BDED-78E3BCA4BF4C}.Debug|Any CPU.Build.0 = Debug|Any CPU
		{9480DCF1-A02D-4A9D-BDED-78E3BCA4BF4C}.Release|Any CPU.ActiveCfg = Release|Any CPU
		{9480DCF1-A02D-4A9D-BDED-78E3BCA4BF4C}.Release|Any CPU.Build.0 = Release|Any CPU
		{9F9DA2B2-A43D-4ED5-BE08-5796F274B90C}.Debug|Any CPU.ActiveCfg = Debug|Any CPU
		{9F9DA2B2-A43D-4ED5-BE08-5796F274B90C}.Debug|Any CPU.Build.0 = Debug|Any CPU
		{9F9DA2B2-A43D-4ED5-BE08-5796F274B90C}.Release|Any CPU.ActiveCfg = Release|Any CPU
		{9F9DA2B2-A43D-4ED5-BE08-5796F274B90C}.Release|Any CPU.Build.0 = Release|Any CPU
		{E7B2CDBB-B458-4627-8624-22997EB99A81}.Debug|Any CPU.ActiveCfg = Debug|Any CPU
		{E7B2CDBB-B458-4627-8624-22997EB99A81}.Debug|Any CPU.Build.0 = Debug|Any CPU
		{E7B2CDBB-B458-4627-8624-22997EB99A81}.Release|Any CPU.ActiveCfg = Release|Any CPU
		{E7B2CDBB-B458-4627-8624-22997EB99A81}.Release|Any CPU.Build.0 = Release|Any CPU
		{100AD878-CBE6-4156-A6F7-A47814D0DD80}.Debug|Any CPU.ActiveCfg = Debug|Any CPU
		{100AD878-CBE6-4156-A6F7-A47814D0DD80}.Debug|Any CPU.Build.0 = Debug|Any CPU
		{100AD878-CBE6-4156-A6F7-A47814D0DD80}.Release|Any CPU.ActiveCfg = Release|Any CPU
		{100AD878-CBE6-4156-A6F7-A47814D0DD80}.Release|Any CPU.Build.0 = Release|Any CPU
		{019E2AEE-6631-4F4D-9ABF-78B76634D001}.Debug|Any CPU.ActiveCfg = Debug|Any CPU
		{019E2AEE-6631-4F4D-9ABF-78B76634D001}.Debug|Any CPU.Build.0 = Debug|Any CPU
		{019E2AEE-6631-4F4D-9ABF-78B76634D001}.Release|Any CPU.ActiveCfg = Release|Any CPU
		{019E2AEE-6631-4F4D-9ABF-78B76634D001}.Release|Any CPU.Build.0 = Release|Any CPU
		{B6E1BE3E-586E-4A64-A84F-D62AD3084577}.Debug|Any CPU.ActiveCfg = Debug|Any CPU
		{B6E1BE3E-586E-4A64-A84F-D62AD3084577}.Debug|Any CPU.Build.0 = Debug|Any CPU
		{B6E1BE3E-586E-4A64-A84F-D62AD3084577}.Release|Any CPU.ActiveCfg = Release|Any CPU
		{B6E1BE3E-586E-4A64-A84F-D62AD3084577}.Release|Any CPU.Build.0 = Release|Any CPU
		{F78C9942-DE88-4112-9AB3-F4BDE76672F1}.Debug|Any CPU.ActiveCfg = Debug|Any CPU
		{F78C9942-DE88-4112-9AB3-F4BDE76672F1}.Debug|Any CPU.Build.0 = Debug|Any CPU
		{F78C9942-DE88-4112-9AB3-F4BDE76672F1}.Release|Any CPU.ActiveCfg = Release|Any CPU
		{F78C9942-DE88-4112-9AB3-F4BDE76672F1}.Release|Any CPU.Build.0 = Release|Any CPU
		{307BB4DD-40A0-46AD-BDF8-ABCCCA17BD67}.Debug|Any CPU.ActiveCfg = Debug|Any CPU
		{307BB4DD-40A0-46AD-BDF8-ABCCCA17BD67}.Debug|Any CPU.Build.0 = Debug|Any CPU
		{307BB4DD-40A0-46AD-BDF8-ABCCCA17BD67}.Release|Any CPU.ActiveCfg = Release|Any CPU
		{307BB4DD-40A0-46AD-BDF8-ABCCCA17BD67}.Release|Any CPU.Build.0 = Release|Any CPU
	EndGlobalSection
	GlobalSection(SolutionProperties) = preSolution
		HideSolutionNode = FALSE
	EndGlobalSection
	GlobalSection(NestedProjects) = preSolution
		{4D1A72E6-D9A1-4030-98F4-59F339F72AFE} = {4CFFD972-1740-433C-A084-5E93CC43C55A}
		{0E0A80C3-55F7-4DF3-AFE0-5EAAC5ED728C} = {4CFFD972-1740-433C-A084-5E93CC43C55A}
		{3E90D263-2CA4-4799-8554-02915FF186AB} = {4CFFD972-1740-433C-A084-5E93CC43C55A}
		{417171A0-1F4C-491D-9E25-492E5B60DDBB} = {99B0524E-4A3A-44D8-98C7-1094D50D4C0F}
		{83D82111-05CB-4211-BD22-FA2CAB0118E0} = {99B0524E-4A3A-44D8-98C7-1094D50D4C0F}
		{BB0ACF5A-B58F-4812-9B69-575C1A89CDDB} = {99B0524E-4A3A-44D8-98C7-1094D50D4C0F}
		{291A6A5E-E847-4944-9ED1-00F26E5D7385} = {593C1607-307E-4E0C-B496-4B8422921137}
		{69D784B0-0B33-4EC6-9530-36C8D7AC2652} = {593C1607-307E-4E0C-B496-4B8422921137}
		{7C1F657A-E7CE-4917-9FBF-3D256C948200} = {593C1607-307E-4E0C-B496-4B8422921137}
		{101F19BC-FD24-4EE3-9FF4-278310B17058} = {593C1607-307E-4E0C-B496-4B8422921137}
		{AE76A287-A095-448D-848A-D82C00F19B5E} = {593C1607-307E-4E0C-B496-4B8422921137}
		{60ED107A-8987-4033-999C-2991BC0DC677} = {593C1607-307E-4E0C-B496-4B8422921137}
		{0D04EFBB-E261-4504-88C9-36A29B737C61} = {593C1607-307E-4E0C-B496-4B8422921137}
		{77330F44-5FC1-462B-8ECF-FC3F73D299F4} = {C552975E-9CC9-4FA5-B618-F0918A974B0F}
		{E14D45C5-F666-41B8-90F1-E37FC74DA7CB} = {C552975E-9CC9-4FA5-B618-F0918A974B0F}
		{D1A73AB6-2422-45E2-AFAA-28ED25D541B7} = {C552975E-9CC9-4FA5-B618-F0918A974B0F}
		{5CD9210E-C9D9-4529-BA7A-F90C6B61F1BD} = {164EB921-1B57-44D4-930B-F3E37A3D826C}
		{84143972-DCCF-46B1-BEB5-E5342D873246} = {54955CE5-1625-412D-9E94-19CB11C826F9}
		{BB631333-81F8-4A37-B70F-704659186D6F} = {54955CE5-1625-412D-9E94-19CB11C826F9}
		{20C79013-58F1-4D05-B3CE-9AC0F88C64B4} = {9DF91459-0FB5-4DD1-9446-9AE09EAF676E}
		{FB34443C-C2DE-4CA0-BE75-B1F067A16FE4} = {20C79013-58F1-4D05-B3CE-9AC0F88C64B4}
		{9ED8AB9B-3D2D-4D6D-8E80-E6DD770F459D} = {20C79013-58F1-4D05-B3CE-9AC0F88C64B4}
		{AA914885-2589-45D2-8A1B-38DFD64EA222} = {9DF91459-0FB5-4DD1-9446-9AE09EAF676E}
		{33C1CEAD-8E9E-4CC8-A5EA-543DD5EC8B00} = {AA914885-2589-45D2-8A1B-38DFD64EA222}
		{73EB8EB7-5AB5-4FE7-8FD4-1CC9B8B28301} = {AA914885-2589-45D2-8A1B-38DFD64EA222}
		{4FD16C4A-9A03-4BC3-A1DB-3B82BBFD035A} = {9DF91459-0FB5-4DD1-9446-9AE09EAF676E}
		{1511AC20-2F52-4C71-9597-CDBEEC60F356} = {2E837BB9-CD7A-4769-B352-1CE5D1082836}
		{2F02EFF4-2560-4FB5-B44A-B88EF1549C48} = {1511AC20-2F52-4C71-9597-CDBEEC60F356}
		{A3465676-71C6-4F8D-B06A-E35A9B81E0BF} = {1511AC20-2F52-4C71-9597-CDBEEC60F356}
		{761EFFDE-3B8C-4810-88F3-9DA79315BDF0} = {2E837BB9-CD7A-4769-B352-1CE5D1082836}
		{F0FE8A0C-558B-419E-AF30-4DB8E0F34A39} = {761EFFDE-3B8C-4810-88F3-9DA79315BDF0}
		{9480DCF1-A02D-4A9D-BDED-78E3BCA4BF4C} = {E947C744-80AA-4BE4-BEB0-7CDC3EE535F9}
		{9F9DA2B2-A43D-4ED5-BE08-5796F274B90C} = {E947C744-80AA-4BE4-BEB0-7CDC3EE535F9}
		{E7B2CDBB-B458-4627-8624-22997EB99A81} = {0E1885D1-F33F-46DB-A30D-86B557DF0B6D}
		{100AD878-CBE6-4156-A6F7-A47814D0DD80} = {0E1885D1-F33F-46DB-A30D-86B557DF0B6D}
		{019E2AEE-6631-4F4D-9ABF-78B76634D001} = {2DA4BE8E-F36D-417A-AE5D-AF6304F9A8FD}
		{B6E1BE3E-586E-4A64-A84F-D62AD3084577} = {4FEBF0FF-1DDE-458C-BDDE-F5B5D8C084E8}
		{F78C9942-DE88-4112-9AB3-F4BDE76672F1} = {4FEBF0FF-1DDE-458C-BDDE-F5B5D8C084E8}
		{307BB4DD-40A0-46AD-BDF8-ABCCCA17BD67} = {DE9FED69-0B77-4707-BEBD-94DA3E46FA96}
	EndGlobalSection
	GlobalSection(ExtensibilityGlobals) = postSolution
		SolutionGuid = {2DC3D343-3522-495C-955E-FA64A7E46873}
	EndGlobalSection
EndGlobal
